<Solution>
  <Project Path="Lyricify.Backgrounds/Lyricify.Backgrounds.csproj" />
  <Project Path="Lyricify.Backgrounds.Hosting.Win32/Lyricify.Backgrounds.Hosting.Win32.csproj" />
  <Project Path="Lyricify.Backgrounds.Hosting.Wpf/Lyricify.Backgrounds.Hosting.Wpf.csproj" />
  <Project Path="Lyricify.Backgrounds.AppleMusicInspired/Lyricify.Backgrounds.AppleMusicInspired.csproj" />
  <Project Path="Lyricify.Backgrounds.AppleMusicInspired.Wpf/Lyricify.Backgrounds.AppleMusicInspired.Wpf.csproj" />
  <Project Path="Lyricify.Backgrounds.AppleMusicInspired.Windows/Lyricify.Backgrounds.AppleMusicInspired.Windows.csproj" />
  <Project Path="Lyricify.Backgrounds.AppleMusicInspired.WinUI/Lyricify.Backgrounds.AppleMusicInspired.WinUI.csproj" />
  <Project Path="Lyricify.Backgrounds.Demo.Shared/Lyricify.Backgrounds.Demo.Shared.csproj" />
  <Project Path="Lyricify.Backgrounds.Demo.Wpf/Lyricify.Backgrounds.Demo.Wpf.csproj" />
  <Project Path="Lyricify.Backgrounds.Demo.WinUI/Lyricify.Backgrounds.Demo.WinUI.csproj" />
</Solution>
